
Microsoft Visual Studio Solution File, Format Version 12.00
# Visual Studio Version 17
VisualStudioVersion = 17.7.34031.279
MinimumVisualStudioVersion = 10.0.40219.1
Project("{888888A0-9F3D-457C-B088-3A5042F75D52}") = "Movie Guide Part 1", "Movie Guide Part 1.pyproj", "{435EA601-1FC0-44CE-9F29-70D1D5E8BD47}"
EndProject
Global
	GlobalSection(SolutionConfigurationPlatforms) = preSolution
		Debug|Any CPU = Debug|Any CPU
		Release|Any CPU = Release|Any CPU
	EndGlobalSection
	GlobalSection(ProjectConfigurationPlatforms) = postSolution
		{435EA601-1FC0-44CE-9F29-70D1D5E8BD47}.Debug|Any CPU.ActiveCfg = Debug|Any CPU
		{435EA601-1FC0-44CE-9F29-70D1D5E8BD47}.Release|Any CPU.ActiveCfg = Release|Any CPU
	EndGlobalSection
	GlobalSection(SolutionProperties) = preSolution
		HideSolutionNode = FALSE
	EndGlobalSection
	GlobalSection(ExtensibilityGlobals) = postSolution
		SolutionGuid = {80731467-58FB-4DD1-945D-9014171E1551}
	EndGlobalSection
EndGlobal
